{
  "name": "shared",
  "version": "1.0.0",
  "lockfileVersion": 3,
  "requires": true,
  "packages": {
    "": {
      "name": "shared",
      "version": "1.0.0",
      "license": "ISC",
      "dependencies": {
        "require.all": "^2.0.5"
      },
      "devDependencies": {
        "@types/node": "^22.10.6",
        "client": "file:../client",
        "server": "file:../server",
        "typescript": "^5.6.3"
      }
    },
    "../client": {
      "name": "scrapple",
      "version": "1.0.0",
      "dev": true,
      "license": "ISC",
      "dependencies": {
        "@dimforge/rapier2d-compat": "^0.14.0",
        "colyseus.js": "^0.15.26",
        "eslint": "^9.11.1",
        "excalibur": "^0.29.3",
        "server": "file:../server",
        "shared": "file:../shared"
      },
      "devDependencies": {
        "@types/node": "^22.7.2",
        "@types/webpack-env": "^1.18.5",
        "copy-webpack-plugin": "^13.0.0",
        "html-webpack-plugin": "^5.6.0",
        "ts-loader": "^9.5.1",
        "typescript": "^5.6.2",
        "webpack": "^5.95.0",
        "webpack-cli": "^5.1.4",
        "webpack-dev-server": "^5.1.0"
      }
    },
    "../server": {
      "name": "scrapple-sverver",
      "version": "1.0.0",
      "dev": true,
      "license": "UNLICENSED",
      "dependencies": {
        "@colyseus/command": "^0.3.1",
        "@colyseus/monitor": "^0.15.0",
        "@colyseus/playground": "^0.15.3",
        "@colyseus/tools": "^0.15.0",
        "@types/webpack-env": "^1.18.5",
        "colyseus": "^0.15.0",
        "cors": "^2.8.5",
        "express": "^4.21.1",
        "express-basic-auth": "^1.2.1",
        "shared": "file:../shared"
      },
      "devDependencies": {
        "@colyseus/loadtest": "^0.15.0",
        "@colyseus/testing": "^0.15.0",
        "@types/cors": "^2.8.17",
        "@types/express": "^4.17.1",
        "@types/mocha": "^10.0.1",
        "mocha": "^10.2.0",
        "rimraf": "^5.0.0",
        "tsx": "^4.10.2",
        "typescript": "^5.0.4"
      },
      "engines": {
        "node": ">= 16.13.0"
      }
    },
    "node_modules/@types/node": {
      "version": "22.13.10",
      "resolved": "https://registry.npmjs.org/@types/node/-/node-22.13.10.tgz",
      "integrity": "sha512-I6LPUvlRH+O6VRUqYOcMudhaIdUVWfsjnZavnsraHvpBwaEyMN29ry+0UVJhImYL16xsscu0aske3yA+uPOWfw==",
      "dev": true,
      "license": "MIT",
      "dependencies": {
        "undici-types": "~6.20.0"
      }
    },
    "node_modules/client": {
      "resolved": "../client",
      "link": true
    },
    "node_modules/require.all": {
      "version": "2.0.5",
      "resolved": "https://registry.npmjs.org/require.all/-/require.all-2.0.5.tgz",
      "integrity": "sha512-ZJLRSF/WFmg0kIIYb/ub+/6R/XcfU6cDxtULo+wvh5kVj0JXICT3cXHdxFFC71yx8mwPlSYykZ9L5LBR+r6Ipw==",
      "license": "MIT"
    },
    "node_modules/server": {
      "resolved": "../server",
      "link": true
    },
    "node_modules/typescript": {
      "version": "5.8.2",
      "resolved": "https://registry.npmjs.org/typescript/-/typescript-5.8.2.tgz",
      "integrity": "sha512-aJn6wq13/afZp/jT9QZmwEjDqqvSGp1VT5GVg+f/t6/oVyrgXM6BY1h9BRh/O5p3PlUPAe+WuiEZOmb/49RqoQ==",
      "dev": true,
      "license": "Apache-2.0",
      "bin": {
        "tsc": "bin/tsc",
        "tsserver": "bin/tsserver"
      },
      "engines": {
        "node": ">=14.17"
      }
    },
    "node_modules/undici-types": {
      "version": "6.20.0",
      "resolved": "https://registry.npmjs.org/undici-types/-/undici-types-6.20.0.tgz",
      "integrity": "sha512-Ny6QZ2Nju20vw1SRHe3d9jVu6gJ+4e3+MMpqu7pqE5HT6WsTSlce++GQmK5UXS8mzV8DSYHrQH+Xrf2jVcuKNg==",
      "dev": true,
      "license": "MIT"
    }
  }
}
