{
  "name": "shared",
  "version": "1.0.0",
  "lockfileVersion": 3,
  "requires": true,
  "packages": {
    "": {
      "name": "shared",
      "version": "1.0.0",
      "license": "ISC",
      "devDependencies": {
        "@types/webpack-env": "^1.18.5",
        "typescript": "^5.6.3"
      }
    },
    "node_modules/@types/webpack-env": {
      "version": "1.18.5",
      "resolved": "https://registry.npmjs.org/@types/webpack-env/-/webpack-env-1.18.5.tgz",
      "integrity": "sha512-wz7kjjRRj8/Lty4B+Kr0LN6Ypc/3SymeCCGSbaXp2leH0ZVg/PriNiOwNj4bD4uphI7A8NXS4b6Gl373sfO5mA==",
      "dev": true,
      "license": "MIT"
    },
    "node_modules/typescript": {
      "version": "5.7.3",
      "resolved": "https://registry.npmjs.org/typescript/-/typescript-5.7.3.tgz",
      "integrity": "sha512-84MVSjMEHP+FQRPy3pX9sTVV/INIex71s9TL2Gm5FG/WG1SqXeKyZ0k7/blY/4FdOzI12CBy1vGc4og/eus0fw==",
      "dev": true,
      "license": "Apache-2.0",
      "bin": {
        "tsc": "bin/tsc",
        "tsserver": "bin/tsserver"
      },
      "engines": {
        "node": ">=14.17"
      }
    }
  }
}
